// !$*UTF8*$!
{
	archiveVersion = 1;
	classes = {
	};
	objectVersion = 51;
	objects = {

/* Begin PBXBuildFile section */
		88641D93250715C40050FD18 /* ActivityAddVC.m in Sources */ = {isa = PBXBuildFile; fileRef = 88641D91250715C40050FD18 /* ActivityAddVC.m */; };
		88641D94250715C40050FD18 /* ActivityAddVC.m in Sources */ = {isa = PBXBuildFile; fileRef = 88641D91250715C40050FD18 /* ActivityAddVC.m */; };
		88641D95250715C40050FD18 /* ActivityAddVC.xib in Resources */ = {isa = PBXBuildFile; fileRef = 88641D92250715C40050FD18 /* ActivityAddVC.xib */; };
		88641D96250715C40050FD18 /* ActivityAddVC.xib in Resources */ = {isa = PBXBuildFile; fileRef = 88641D92250715C40050FD18 /* ActivityAddVC.xib */; };
		88641D972507205D0050FD18 /* Localizable.strings in Resources */ = {isa = PBXBuildFile; fileRef = 88AD75E224EB661100E304F6 /* Localizable.strings */; };
		88641D982507205E0050FD18 /* Localizable.strings in Resources */ = {isa = PBXBuildFile; fileRef = 88AD75E224EB661100E304F6 /* Localizable.strings */; };
		889528E225021472004E17DF /* IntentHandler.m in Sources */ = {isa = PBXBuildFile; fileRef = 889528E125021472004E17DF /* IntentHandler.m */; };
		889528EA25021472004E17DF /* IntentsUI.framework in Frameworks */ = {isa = PBXBuildFile; fileRef = 889528E925021472004E17DF /* IntentsUI.framework */; };
		889528EE25021472004E17DF /* IntentViewController.m in Sources */ = {isa = PBXBuildFile; fileRef = 889528ED25021472004E17DF /* IntentViewController.m */; };
		889528F125021472004E17DF /* MainInterface.storyboard in Resources */ = {isa = PBXBuildFile; fileRef = 889528EF25021472004E17DF /* MainInterface.storyboard */; };
		889528F525021472004E17DF /* SiriDemoUI.appex in Embed App Extensions */ = {isa = PBXBuildFile; fileRef = 889528E825021472004E17DF /* SiriDemoUI.appex */; settings = {ATTRIBUTES = (RemoveHeadersOnCopy, ); }; };
		889528F825021472004E17DF /* SiriDemo.appex in Embed App Extensions */ = {isa = PBXBuildFile; fileRef = 889528DE25021472004E17DF /* SiriDemo.appex */; settings = {ATTRIBUTES = (RemoveHeadersOnCopy, ); }; };
		889529062502154D004E17DF /* Intents.intentdefinition in Sources */ = {isa = PBXBuildFile; fileRef = 889529092502154D004E17DF /* Intents.intentdefinition */; };
		889529072502154D004E17DF /* Intents.intentdefinition in Sources */ = {isa = PBXBuildFile; fileRef = 889529092502154D004E17DF /* Intents.intentdefinition */; };
		889529102502183F004E17DF /* Intents.intentdefinition in Sources */ = {isa = PBXBuildFile; fileRef = 889529092502154D004E17DF /* Intents.intentdefinition */; };
		8895291125021840004E17DF /* Intents.intentdefinition in Sources */ = {isa = PBXBuildFile; fileRef = 889529092502154D004E17DF /* Intents.intentdefinition */; };
		8895291825021B48004E17DF /* SiriAddVC.m in Sources */ = {isa = PBXBuildFile; fileRef = 8895291625021B48004E17DF /* SiriAddVC.m */; };
		8895291925021B48004E17DF /* SiriAddVC.m in Sources */ = {isa = PBXBuildFile; fileRef = 8895291625021B48004E17DF /* SiriAddVC.m */; };
		8895291A25021B48004E17DF /* SiriAddVC.xib in Resources */ = {isa = PBXBuildFile; fileRef = 8895291725021B48004E17DF /* SiriAddVC.xib */; };
		8895291B25021B48004E17DF /* SiriAddVC.xib in Resources */ = {isa = PBXBuildFile; fileRef = 8895291725021B48004E17DF /* SiriAddVC.xib */; };
		8895291E25022B2B004E17DF /* SiriDemoHandler.m in Sources */ = {isa = PBXBuildFile; fileRef = 8895291D25022B2B004E17DF /* SiriDemoHandler.m */; };
		8895292325023AA5004E17DF /* SiriViewPlus.gif in Resources */ = {isa = PBXBuildFile; fileRef = 8895292125023AA5004E17DF /* SiriViewPlus.gif */; };
		8895292425023AA5004E17DF /* SiriView.gif in Resources */ = {isa = PBXBuildFile; fileRef = 8895292225023AA5004E17DF /* SiriView.gif */; };
		8895292A2505B409004E17DF /* BaseTableViewController.m in Sources */ = {isa = PBXBuildFile; fileRef = 889529292505B408004E17DF /* BaseTableViewController.m */; };
		8895292B2505B409004E17DF /* BaseTableViewController.m in Sources */ = {isa = PBXBuildFile; fileRef = 889529292505B408004E17DF /* BaseTableViewController.m */; };
		88AD757524E66C7800E304F6 /* AppDelegate.m in Sources */ = {isa = PBXBuildFile; fileRef = 88AD757424E66C7800E304F6 /* AppDelegate.m */; };
		88AD757B24E66C7800E304F6 /* ViewController.m in Sources */ = {isa = PBXBuildFile; fileRef = 88AD757A24E66C7800E304F6 /* ViewController.m */; };
		88AD757E24E66C7800E304F6 /* Main.storyboard in Resources */ = {isa = PBXBuildFile; fileRef = 88AD757C24E66C7800E304F6 /* Main.storyboard */; };
		88AD758024E66C7B00E304F6 /* Assets.xcassets in Resources */ = {isa = PBXBuildFile; fileRef = 88AD757F24E66C7B00E304F6 /* Assets.xcassets */; };
		88AD758324E66C7B00E304F6 /* LaunchScreen.storyboard in Resources */ = {isa = PBXBuildFile; fileRef = 88AD758124E66C7B00E304F6 /* LaunchScreen.storyboard */; };
		88AD759024E66C7B00E304F6 /* ConnectorDemoTests.m in Sources */ = {isa = PBXBuildFile; fileRef = 88AD758F24E66C7B00E304F6 /* ConnectorDemoTests.m */; };
		88AD759B24E66C7B00E304F6 /* ConnectorDemoUITests.m in Sources */ = {isa = PBXBuildFile; fileRef = 88AD759A24E66C7B00E304F6 /* ConnectorDemoUITests.m */; };
		88AD75AC24E671AF00E304F6 /* ViewController.m in Sources */ = {isa = PBXBuildFile; fileRef = 88AD757A24E66C7800E304F6 /* ViewController.m */; };
		88AD75AD24E671AF00E304F6 /* AppDelegate.m in Sources */ = {isa = PBXBuildFile; fileRef = 88AD757424E66C7800E304F6 /* AppDelegate.m */; };
		88AD75B124E671AF00E304F6 /* LaunchScreen.storyboard in Resources */ = {isa = PBXBuildFile; fileRef = 88AD758124E66C7B00E304F6 /* LaunchScreen.storyboard */; };
		88AD75B324E671AF00E304F6 /* Main.storyboard in Resources */ = {isa = PBXBuildFile; fileRef = 88AD757C24E66C7800E304F6 /* Main.storyboard */; };
		88AD75B424E671AF00E304F6 /* BlocBlinds.xcassets in Resources */ = {isa = PBXBuildFile; fileRef = 88AD75A824E671A400E304F6 /* BlocBlinds.xcassets */; };
		88AD75BE24E6778600E304F6 /* main.m in Sources */ = {isa = PBXBuildFile; fileRef = 88AD758524E66C7B00E304F6 /* main.m */; };
		88AD75BF24E6779F00E304F6 /* main.m in Sources */ = {isa = PBXBuildFile; fileRef = 88AD758524E66C7B00E304F6 /* main.m */; };
		88AD75C324E6784D00E304F6 /* BlocBlinds.storyboard in Resources */ = {isa = PBXBuildFile; fileRef = 88AD75C224E6784D00E304F6 /* BlocBlinds.storyboard */; };
		88AD75C424E6784D00E304F6 /* BlocBlinds.storyboard in Resources */ = {isa = PBXBuildFile; fileRef = 88AD75C224E6784D00E304F6 /* BlocBlinds.storyboard */; };
		88AD75DF24EB661100E304F6 /* Localizable.strings in Resources */ = {isa = PBXBuildFile; fileRef = 88AD75E224EB661100E304F6 /* Localizable.strings */; };
		88AD75E024EB661100E304F6 /* Localizable.strings in Resources */ = {isa = PBXBuildFile; fileRef = 88AD75E224EB661100E304F6 /* Localizable.strings */; };
		AAD5090ED1EE9EA77654A02F /* libPods-ConnectorDemo.a in Frameworks */ = {isa = PBXBuildFile; fileRef = 1170DC1FD678AB55F090D9B6 /* libPods-ConnectorDemo.a */; };
		DECAE197C7DD6B80B3382174 /* libPods-BlocBlinds.a in Frameworks */ = {isa = PBXBuildFile; fileRef = 5D786A2DD8E2E46BB2DF42F6 /* libPods-BlocBlinds.a */; };
/* End PBXBuildFile section */

/* Begin PBXContainerItemProxy section */
		889528F325021472004E17DF /* PBXContainerItemProxy */ = {
			isa = PBXContainerItemProxy;
			containerPortal = 88AD756824E66C7800E304F6 /* Project object */;
			proxyType = 1;
			remoteGlobalIDString = 889528E725021472004E17DF;
			remoteInfo = SiriDemoUI;
		};
		889528F625021472004E17DF /* PBXContainerItemProxy */ = {
			isa = PBXContainerItemProxy;
			containerPortal = 88AD756824E66C7800E304F6 /* Project object */;
			proxyType = 1;
			remoteGlobalIDString = 889528DD25021472004E17DF;
			remoteInfo = SiriDemo;
		};
		88AD758C24E66C7B00E304F6 /* PBXContainerItemProxy */ = {
			isa = PBXContainerItemProxy;
			containerPortal = 88AD756824E66C7800E304F6 /* Project object */;
			proxyType = 1;
			remoteGlobalIDString = 88AD756F24E66C7800E304F6;
			remoteInfo = ConnectorDemo;
		};
		88AD759724E66C7B00E304F6 /* PBXContainerItemProxy */ = {
			isa = PBXContainerItemProxy;
			containerPortal = 88AD756824E66C7800E304F6 /* Project object */;
			proxyType = 1;
			remoteGlobalIDString = 88AD756F24E66C7800E304F6;
			remoteInfo = ConnectorDemo;
		};
/* End PBXContainerItemProxy section */

/* Begin PBXCopyFilesBuildPhase section */
		889528FF25021472004E17DF /* Embed App Extensions */ = {
			isa = PBXCopyFilesBuildPhase;
			buildActionMask = 2147483647;
			dstPath = "";
			dstSubfolderSpec = 13;
			files = (
				889528F825021472004E17DF /* SiriDemo.appex in Embed App Extensions */,
				889528F525021472004E17DF /* SiriDemoUI.appex in Embed App Extensions */,
			);
			name = "Embed App Extensions";
			runOnlyForDeploymentPostprocessing = 0;
		};
/* End PBXCopyFilesBuildPhase section */

/* Begin PBXFileReference section */
		1170DC1FD678AB55F090D9B6 /* libPods-ConnectorDemo.a */ = {isa = PBXFileReference; explicitFileType = archive.ar; includeInIndex = 0; path = "libPods-ConnectorDemo.a"; sourceTree = BUILT_PRODUCTS_DIR; };
		201A9F229179C352AC2EBE7A /* Pods-BlocBlinds.release.xcconfig */ = {isa = PBXFileReference; includeInIndex = 1; lastKnownFileType = text.xcconfig; name = "Pods-BlocBlinds.release.xcconfig"; path = "Target Support Files/Pods-BlocBlinds/Pods-BlocBlinds.release.xcconfig"; sourceTree = "<group>"; };
		5D786A2DD8E2E46BB2DF42F6 /* libPods-BlocBlinds.a */ = {isa = PBXFileReference; explicitFileType = archive.ar; includeInIndex = 0; path = "libPods-BlocBlinds.a"; sourceTree = BUILT_PRODUCTS_DIR; };
		88641D90250715C40050FD18 /* ActivityAddVC.h */ = {isa = PBXFileReference; lastKnownFileType = sourcecode.c.h; path = ActivityAddVC.h; sourceTree = "<group>"; };
		88641D91250715C40050FD18 /* ActivityAddVC.m */ = {isa = PBXFileReference; lastKnownFileType = sourcecode.c.objc; path = ActivityAddVC.m; sourceTree = "<group>"; };
		88641D92250715C40050FD18 /* ActivityAddVC.xib */ = {isa = PBXFileReference; lastKnownFileType = file.xib; path = ActivityAddVC.xib; sourceTree = "<group>"; };
		88641D9A2507208F0050FD18 /* en */ = {isa = PBXFileReference; lastKnownFileType = text.plist.strings; name = en; path = en.lproj/Intents.strings; sourceTree = "<group>"; };
		88641D9C250720990050FD18 /* zh-Hans */ = {isa = PBXFileReference; lastKnownFileType = text.plist.strings; name = "zh-Hans"; path = "zh-Hans.lproj/Intents.strings"; sourceTree = "<group>"; };
		88641DA0250720A80050FD18 /* it */ = {isa = PBXFileReference; lastKnownFileType = text.plist.strings; name = it; path = it.lproj/Intents.strings; sourceTree = "<group>"; };
		88641DA4250720C10050FD18 /* ko */ = {isa = PBXFileReference; lastKnownFileType = text.plist.strings; name = ko; path = ko.lproj/Intents.strings; sourceTree = "<group>"; };
		889528D8250204C0004E17DF /* Constant.h */ = {isa = PBXFileReference; lastKnownFileType = sourcecode.c.h; path = Constant.h; sourceTree = "<group>"; };
		889528DE25021472004E17DF /* SiriDemo.appex */ = {isa = PBXFileReference; explicitFileType = "wrapper.app-extension"; includeInIndex = 0; path = SiriDemo.appex; sourceTree = BUILT_PRODUCTS_DIR; };
		889528E025021472004E17DF /* IntentHandler.h */ = {isa = PBXFileReference; lastKnownFileType = sourcecode.c.h; path = IntentHandler.h; sourceTree = "<group>"; };
		889528E125021472004E17DF /* IntentHandler.m */ = {isa = PBXFileReference; lastKnownFileType = sourcecode.c.objc; path = IntentHandler.m; sourceTree = "<group>"; };
		889528E325021472004E17DF /* Info.plist */ = {isa = PBXFileReference; lastKnownFileType = text.plist.xml; path = Info.plist; sourceTree = "<group>"; };
		889528E825021472004E17DF /* SiriDemoUI.appex */ = {isa = PBXFileReference; explicitFileType = "wrapper.app-extension"; includeInIndex = 0; path = SiriDemoUI.appex; sourceTree = BUILT_PRODUCTS_DIR; };
		889528E925021472004E17DF /* IntentsUI.framework */ = {isa = PBXFileReference; lastKnownFileType = wrapper.framework; name = IntentsUI.framework; path = System/Library/Frameworks/IntentsUI.framework; sourceTree = SDKROOT; };
		889528EC25021472004E17DF /* IntentViewController.h */ = {isa = PBXFileReference; lastKnownFileType = sourcecode.c.h; path = IntentViewController.h; sourceTree = "<group>"; };
		889528ED25021472004E17DF /* IntentViewController.m */ = {isa = PBXFileReference; lastKnownFileType = sourcecode.c.objc; path = IntentViewController.m; sourceTree = "<group>"; };
		889528F025021472004E17DF /* Base */ = {isa = PBXFileReference; lastKnownFileType = file.storyboard; name = Base; path = Base.lproj/MainInterface.storyboard; sourceTree = "<group>"; };
		889528F225021472004E17DF /* Info.plist */ = {isa = PBXFileReference; lastKnownFileType = text.plist.xml; path = Info.plist; sourceTree = "<group>"; };
		889529082502154D004E17DF /* Base */ = {isa = PBXFileReference; lastKnownFileType = file.intentdefinition; name = Base; path = Base.lproj/Intents.intentdefinition; sourceTree = "<group>"; };
		8895291525021B48004E17DF /* SiriAddVC.h */ = {isa = PBXFileReference; lastKnownFileType = sourcecode.c.h; path = SiriAddVC.h; sourceTree = "<group>"; };
		8895291625021B48004E17DF /* SiriAddVC.m */ = {isa = PBXFileReference; lastKnownFileType = sourcecode.c.objc; path = SiriAddVC.m; sourceTree = "<group>"; };
		8895291725021B48004E17DF /* SiriAddVC.xib */ = {isa = PBXFileReference; lastKnownFileType = file.xib; path = SiriAddVC.xib; sourceTree = "<group>"; };
		8895291C25022B2A004E17DF /* SiriDemoHandler.h */ = {isa = PBXFileReference; lastKnownFileType = sourcecode.c.h; path = SiriDemoHandler.h; sourceTree = "<group>"; };
		8895291D25022B2B004E17DF /* SiriDemoHandler.m */ = {isa = PBXFileReference; lastKnownFileType = sourcecode.c.objc; path = SiriDemoHandler.m; sourceTree = "<group>"; };
		8895291F250238E7004E17DF /* SiriDemo.entitlements */ = {isa = PBXFileReference; lastKnownFileType = text.plist.entitlements; path = SiriDemo.entitlements; sourceTree = "<group>"; };
		88952920250238F8004E17DF /* SiriDemoUI.entitlements */ = {isa = PBXFileReference; lastKnownFileType = text.plist.entitlements; path = SiriDemoUI.entitlements; sourceTree = "<group>"; };
		8895292125023AA5004E17DF /* SiriViewPlus.gif */ = {isa = PBXFileReference; lastKnownFileType = image.gif; path = SiriViewPlus.gif; sourceTree = "<group>"; };
		8895292225023AA5004E17DF /* SiriView.gif */ = {isa = PBXFileReference; lastKnownFileType = image.gif; path = SiriView.gif; sourceTree = "<group>"; };
		8895292625032706004E17DF /* ko */ = {isa = PBXFileReference; lastKnownFileType = text.plist.strings; name = ko; path = ko.lproj/Localizable.strings; sourceTree = "<group>"; };
		889529282505B408004E17DF /* BaseTableViewController.h */ = {isa = PBXFileReference; lastKnownFileType = sourcecode.c.h; path = BaseTableViewController.h; sourceTree = "<group>"; };
		889529292505B408004E17DF /* BaseTableViewController.m */ = {isa = PBXFileReference; lastKnownFileType = sourcecode.c.objc; path = BaseTableViewController.m; sourceTree = "<group>"; };
		8895292C2505C9F5004E17DF /* CColor.h */ = {isa = PBXFileReference; fileEncoding = 4; lastKnownFileType = sourcecode.c.h; path = CColor.h; sourceTree = "<group>"; };
		88AD757024E66C7800E304F6 /* ConnectorDemo.app */ = {isa = PBXFileReference; explicitFileType = wrapper.application; includeInIndex = 0; path = ConnectorDemo.app; sourceTree = BUILT_PRODUCTS_DIR; };
		88AD757324E66C7800E304F6 /* AppDelegate.h */ = {isa = PBXFileReference; lastKnownFileType = sourcecode.c.h; path = AppDelegate.h; sourceTree = "<group>"; };
		88AD757424E66C7800E304F6 /* AppDelegate.m */ = {isa = PBXFileReference; lastKnownFileType = sourcecode.c.objc; path = AppDelegate.m; sourceTree = "<group>"; };
		88AD757924E66C7800E304F6 /* ViewController.h */ = {isa = PBXFileReference; lastKnownFileType = sourcecode.c.h; path = ViewController.h; sourceTree = "<group>"; };
		88AD757A24E66C7800E304F6 /* ViewController.m */ = {isa = PBXFileReference; lastKnownFileType = sourcecode.c.objc; path = ViewController.m; sourceTree = "<group>"; };
		88AD757D24E66C7800E304F6 /* Base */ = {isa = PBXFileReference; lastKnownFileType = file.storyboard; name = Base; path = Base.lproj/Main.storyboard; sourceTree = "<group>"; };
		88AD757F24E66C7B00E304F6 /* Assets.xcassets */ = {isa = PBXFileReference; lastKnownFileType = folder.assetcatalog; path = Assets.xcassets; sourceTree = "<group>"; };
		88AD758224E66C7B00E304F6 /* Base */ = {isa = PBXFileReference; lastKnownFileType = file.storyboard; name = Base; path = Base.lproj/LaunchScreen.storyboard; sourceTree = "<group>"; };
		88AD758424E66C7B00E304F6 /* Info.plist */ = {isa = PBXFileReference; lastKnownFileType = text.plist.xml; path = Info.plist; sourceTree = "<group>"; };
		88AD758524E66C7B00E304F6 /* main.m */ = {isa = PBXFileReference; lastKnownFileType = sourcecode.c.objc; path = main.m; sourceTree = "<group>"; };
		88AD758B24E66C7B00E304F6 /* ConnectorDemoTests.xctest */ = {isa = PBXFileReference; explicitFileType = wrapper.cfbundle; includeInIndex = 0; path = ConnectorDemoTests.xctest; sourceTree = BUILT_PRODUCTS_DIR; };
		88AD758F24E66C7B00E304F6 /* ConnectorDemoTests.m */ = {isa = PBXFileReference; lastKnownFileType = sourcecode.c.objc; path = ConnectorDemoTests.m; sourceTree = "<group>"; };
		88AD759124E66C7B00E304F6 /* Info.plist */ = {isa = PBXFileReference; lastKnownFileType = text.plist.xml; path = Info.plist; sourceTree = "<group>"; };
		88AD759624E66C7B00E304F6 /* ConnectorDemoUITests.xctest */ = {isa = PBXFileReference; explicitFileType = wrapper.cfbundle; includeInIndex = 0; path = ConnectorDemoUITests.xctest; sourceTree = BUILT_PRODUCTS_DIR; };
		88AD759A24E66C7B00E304F6 /* ConnectorDemoUITests.m */ = {isa = PBXFileReference; lastKnownFileType = sourcecode.c.objc; path = ConnectorDemoUITests.m; sourceTree = "<group>"; };
		88AD759C24E66C7B00E304F6 /* Info.plist */ = {isa = PBXFileReference; lastKnownFileType = text.plist.xml; path = Info.plist; sourceTree = "<group>"; };
		88AD75A824E671A400E304F6 /* BlocBlinds.xcassets */ = {isa = PBXFileReference; lastKnownFileType = folder.assetcatalog; path = BlocBlinds.xcassets; sourceTree = "<group>"; };
		88AD75B824E671AF00E304F6 /* BlocBlinds.app */ = {isa = PBXFileReference; explicitFileType = wrapper.application; includeInIndex = 0; path = BlocBlinds.app; sourceTree = BUILT_PRODUCTS_DIR; };
		88AD75B924E671AF00E304F6 /* BlocBlindsInfo.plist */ = {isa = PBXFileReference; lastKnownFileType = text.plist.xml; name = BlocBlindsInfo.plist; path = "/Users/huck/工作/demo/ConnectorDemo/BlocBlindsInfo.plist"; sourceTree = "<absolute>"; };
		88AD75C224E6784D00E304F6 /* BlocBlinds.storyboard */ = {isa = PBXFileReference; fileEncoding = 4; lastKnownFileType = file.storyboard; path = BlocBlinds.storyboard; sourceTree = "<group>"; };
		88AD75C524E678F100E304F6 /* PrefixHeader.pch */ = {isa = PBXFileReference; lastKnownFileType = sourcecode.c.h; path = PrefixHeader.pch; sourceTree = "<group>"; };
		88AD75E124EB661100E304F6 /* en */ = {isa = PBXFileReference; lastKnownFileType = text.plist.strings; name = en; path = en.lproj/Localizable.strings; sourceTree = "<group>"; };
		88AD75E324EB661200E304F6 /* zh-Hans */ = {isa = PBXFileReference; lastKnownFileType = text.plist.strings; name = "zh-Hans"; path = "zh-Hans.lproj/Localizable.strings"; sourceTree = "<group>"; };
		88AD75E624EB662900E304F6 /* it */ = {isa = PBXFileReference; lastKnownFileType = text.plist.strings; name = it; path = it.lproj/Localizable.strings; sourceTree = "<group>"; };
		88AD75E724EB7E3100E304F6 /* ConnectorDemo.entitlements */ = {isa = PBXFileReference; lastKnownFileType = text.plist.entitlements; path = ConnectorDemo.entitlements; sourceTree = "<group>"; };
		9840915C456CDCF7BD46C75A /* Pods-ConnectorDemo.release.xcconfig */ = {isa = PBXFileReference; includeInIndex = 1; lastKnownFileType = text.xcconfig; name = "Pods-ConnectorDemo.release.xcconfig"; path = "Target Support Files/Pods-ConnectorDemo/Pods-ConnectorDemo.release.xcconfig"; sourceTree = "<group>"; };
		9AE5B716699CFBE0344274FB /* Pods-BlocBlinds.debug.xcconfig */ = {isa = PBXFileReference; includeInIndex = 1; lastKnownFileType = text.xcconfig; name = "Pods-BlocBlinds.debug.xcconfig"; path = "Target Support Files/Pods-BlocBlinds/Pods-BlocBlinds.debug.xcconfig"; sourceTree = "<group>"; };
		A5FE402EA0F8D24C91603858 /* Pods-ConnectorDemo.debug.xcconfig */ = {isa = PBXFileReference; includeInIndex = 1; lastKnownFileType = text.xcconfig; name = "Pods-ConnectorDemo.debug.xcconfig"; path = "Target Support Files/Pods-ConnectorDemo/Pods-ConnectorDemo.debug.xcconfig"; sourceTree = "<group>"; };
/* End PBXFileReference section */

/* Begin PBXFrameworksBuildPhase section */
		889528DB25021472004E17DF /* Frameworks */ = {
			isa = PBXFrameworksBuildPhase;
			buildActionMask = 2147483647;
			files = (
			);
			runOnlyForDeploymentPostprocessing = 0;
		};
		889528E525021472004E17DF /* Frameworks */ = {
			isa = PBXFrameworksBuildPhase;
			buildActionMask = 2147483647;
			files = (
				889528EA25021472004E17DF /* IntentsUI.framework in Frameworks */,
			);
			runOnlyForDeploymentPostprocessing = 0;
		};
		88AD756D24E66C7800E304F6 /* Frameworks */ = {
			isa = PBXFrameworksBuildPhase;
			buildActionMask = 2147483647;
			files = (
				AAD5090ED1EE9EA77654A02F /* libPods-ConnectorDemo.a in Frameworks */,
			);
			runOnlyForDeploymentPostprocessing = 0;
		};
		88AD758824E66C7B00E304F6 /* Frameworks */ = {
			isa = PBXFrameworksBuildPhase;
			buildActionMask = 2147483647;
			files = (
			);
			runOnlyForDeploymentPostprocessing = 0;
		};
		88AD759324E66C7B00E304F6 /* Frameworks */ = {
			isa = PBXFrameworksBuildPhase;
			buildActionMask = 2147483647;
			files = (
			);
			runOnlyForDeploymentPostprocessing = 0;
		};
		88AD75AF24E671AF00E304F6 /* Frameworks */ = {
			isa = PBXFrameworksBuildPhase;
			buildActionMask = 2147483647;
			files = (
				DECAE197C7DD6B80B3382174 /* libPods-BlocBlinds.a in Frameworks */,
			);
			runOnlyForDeploymentPostprocessing = 0;
		};
/* End PBXFrameworksBuildPhase section */

/* Begin PBXGroup section */
		07F9B0AE96D366EB183B3BBC /* Pods */ = {
			isa = PBXGroup;
			children = (
				9AE5B716699CFBE0344274FB /* Pods-BlocBlinds.debug.xcconfig */,
				201A9F229179C352AC2EBE7A /* Pods-BlocBlinds.release.xcconfig */,
				A5FE402EA0F8D24C91603858 /* Pods-ConnectorDemo.debug.xcconfig */,
				9840915C456CDCF7BD46C75A /* Pods-ConnectorDemo.release.xcconfig */,
			);
			path = Pods;
			sourceTree = "<group>";
		};
		889528DF25021472004E17DF /* SiriDemo */ = {
			isa = PBXGroup;
			children = (
				8895291F250238E7004E17DF /* SiriDemo.entitlements */,
				889528E025021472004E17DF /* IntentHandler.h */,
				889528E125021472004E17DF /* IntentHandler.m */,
				889528E325021472004E17DF /* Info.plist */,
				8895291C25022B2A004E17DF /* SiriDemoHandler.h */,
				8895291D25022B2B004E17DF /* SiriDemoHandler.m */,
			);
			path = SiriDemo;
			sourceTree = "<group>";
		};
		889528EB25021472004E17DF /* SiriDemoUI */ = {
			isa = PBXGroup;
			children = (
				8895292225023AA5004E17DF /* SiriView.gif */,
				8895292125023AA5004E17DF /* SiriViewPlus.gif */,
				88952920250238F8004E17DF /* SiriDemoUI.entitlements */,
				889528EC25021472004E17DF /* IntentViewController.h */,
				889528ED25021472004E17DF /* IntentViewController.m */,
				889528EF25021472004E17DF /* MainInterface.storyboard */,
				889528F225021472004E17DF /* Info.plist */,
			);
			path = SiriDemoUI;
			sourceTree = "<group>";
		};
		8895291225021A93004E17DF /* siri */ = {
			isa = PBXGroup;
			children = (
				8895291525021B48004E17DF /* SiriAddVC.h */,
				8895291625021B48004E17DF /* SiriAddVC.m */,
				8895291725021B48004E17DF /* SiriAddVC.xib */,
				88641D90250715C40050FD18 /* ActivityAddVC.h */,
				88641D91250715C40050FD18 /* ActivityAddVC.m */,
				88641D92250715C40050FD18 /* ActivityAddVC.xib */,
			);
			path = siri;
			sourceTree = "<group>";
		};
		8895291425021ADE004E17DF /* util */ = {
			isa = PBXGroup;
			children = (
				8895292C2505C9F5004E17DF /* CColor.h */,
				889528D8250204C0004E17DF /* Constant.h */,
			);
			path = util;
			sourceTree = "<group>";
		};
		889529272505B3AF004E17DF /* base */ = {
			isa = PBXGroup;
			children = (
				889529282505B408004E17DF /* BaseTableViewController.h */,
				889529292505B408004E17DF /* BaseTableViewController.m */,
			);
			path = base;
			sourceTree = "<group>";
		};
		88AD756724E66C7800E304F6 = {
			isa = PBXGroup;
			children = (
				889529092502154D004E17DF /* Intents.intentdefinition */,
				88AD757224E66C7800E304F6 /* ConnectorDemo */,
				88AD758E24E66C7B00E304F6 /* ConnectorDemoTests */,
				88AD759924E66C7B00E304F6 /* ConnectorDemoUITests */,
				889528DF25021472004E17DF /* SiriDemo */,
				889528EB25021472004E17DF /* SiriDemoUI */,
				88AD757124E66C7800E304F6 /* Products */,
				88AD75B924E671AF00E304F6 /* BlocBlindsInfo.plist */,
				07F9B0AE96D366EB183B3BBC /* Pods */,
				C8F03C22EDC71FFAA9714993 /* Frameworks */,
			);
			sourceTree = "<group>";
		};
		88AD757124E66C7800E304F6 /* Products */ = {
			isa = PBXGroup;
			children = (
				88AD757024E66C7800E304F6 /* ConnectorDemo.app */,
				88AD758B24E66C7B00E304F6 /* ConnectorDemoTests.xctest */,
				88AD759624E66C7B00E304F6 /* ConnectorDemoUITests.xctest */,
				88AD75B824E671AF00E304F6 /* BlocBlinds.app */,
				889528DE25021472004E17DF /* SiriDemo.appex */,
				889528E825021472004E17DF /* SiriDemoUI.appex */,
			);
			name = Products;
			sourceTree = "<group>";
		};
		88AD757224E66C7800E304F6 /* ConnectorDemo */ = {
			isa = PBXGroup;
			children = (
				889529272505B3AF004E17DF /* base */,
				8895291425021ADE004E17DF /* util */,
				8895291225021A93004E17DF /* siri */,
				88AD75E724EB7E3100E304F6 /* ConnectorDemo.entitlements */,
				88AD757324E66C7800E304F6 /* AppDelegate.h */,
				88AD757424E66C7800E304F6 /* AppDelegate.m */,
				88AD757924E66C7800E304F6 /* ViewController.h */,
				88AD757A24E66C7800E304F6 /* ViewController.m */,
				88AD757C24E66C7800E304F6 /* Main.storyboard */,
				88AD757F24E66C7B00E304F6 /* Assets.xcassets */,
				88AD758124E66C7B00E304F6 /* LaunchScreen.storyboard */,
				88AD75C224E6784D00E304F6 /* BlocBlinds.storyboard */,
				88AD758524E66C7B00E304F6 /* main.m */,
				88AD758424E66C7B00E304F6 /* Info.plist */,
				88AD75A824E671A400E304F6 /* BlocBlinds.xcassets */,
				88AD75C524E678F100E304F6 /* PrefixHeader.pch */,
				88AD75E224EB661100E304F6 /* Localizable.strings */,
			);
			path = ConnectorDemo;
			sourceTree = "<group>";
		};
		88AD758E24E66C7B00E304F6 /* ConnectorDemoTests */ = {
			isa = PBXGroup;
			children = (
				88AD758F24E66C7B00E304F6 /* ConnectorDemoTests.m */,
				88AD759124E66C7B00E304F6 /* Info.plist */,
			);
			path = ConnectorDemoTests;
			sourceTree = "<group>";
		};
		88AD759924E66C7B00E304F6 /* ConnectorDemoUITests */ = {
			isa = PBXGroup;
			children = (
				88AD759A24E66C7B00E304F6 /* ConnectorDemoUITests.m */,
				88AD759C24E66C7B00E304F6 /* Info.plist */,
			);
			path = ConnectorDemoUITests;
			sourceTree = "<group>";
		};
		C8F03C22EDC71FFAA9714993 /* Frameworks */ = {
			isa = PBXGroup;
			children = (
				5D786A2DD8E2E46BB2DF42F6 /* libPods-BlocBlinds.a */,
				1170DC1FD678AB55F090D9B6 /* libPods-ConnectorDemo.a */,
				889528E925021472004E17DF /* IntentsUI.framework */,
			);
			name = Frameworks;
			sourceTree = "<group>";
		};
/* End PBXGroup section */

/* Begin PBXNativeTarget section */
		889528DD25021472004E17DF /* SiriDemo */ = {
			isa = PBXNativeTarget;
			buildConfigurationList = 889528FC25021472004E17DF /* Build configuration list for PBXNativeTarget "SiriDemo" */;
			buildPhases = (
				889528DA25021472004E17DF /* Sources */,
				889528DB25021472004E17DF /* Frameworks */,
				889528DC25021472004E17DF /* Resources */,
			);
			buildRules = (
			);
			dependencies = (
			);
			name = SiriDemo;
			productName = SiriDemo;
			productReference = 889528DE25021472004E17DF /* SiriDemo.appex */;
			productType = "com.apple.product-type.app-extension";
		};
		889528E725021472004E17DF /* SiriDemoUI */ = {
			isa = PBXNativeTarget;
			buildConfigurationList = 889528F925021472004E17DF /* Build configuration list for PBXNativeTarget "SiriDemoUI" */;
			buildPhases = (
				889528E425021472004E17DF /* Sources */,
				889528E525021472004E17DF /* Frameworks */,
				889528E625021472004E17DF /* Resources */,
			);
			buildRules = (
			);
			dependencies = (
			);
			name = SiriDemoUI;
			productName = SiriDemoUI;
			productReference = 889528E825021472004E17DF /* SiriDemoUI.appex */;
			productType = "com.apple.product-type.app-extension";
		};
		88AD756F24E66C7800E304F6 /* ConnectorDemo */ = {
			isa = PBXNativeTarget;
			buildConfigurationList = 88AD759F24E66C7B00E304F6 /* Build configuration list for PBXNativeTarget "ConnectorDemo" */;
			buildPhases = (
				307D82E7B0C31E8D8C68D7CF /* [CP] Check Pods Manifest.lock */,
				88AD756C24E66C7800E304F6 /* Sources */,
				88AD756D24E66C7800E304F6 /* Frameworks */,
				88AD756E24E66C7800E304F6 /* Resources */,
				8881B907A2476FE1FCC370BA /* [CP] Copy Pods Resources */,
				889528FF25021472004E17DF /* Embed App Extensions */,
			);
			buildRules = (
			);
			dependencies = (
				889528F425021472004E17DF /* PBXTargetDependency */,
				889528F725021472004E17DF /* PBXTargetDependency */,
			);
			name = ConnectorDemo;
			productName = ConnectorDemo;
			productReference = 88AD757024E66C7800E304F6 /* ConnectorDemo.app */;
			productType = "com.apple.product-type.application";
		};
		88AD758A24E66C7B00E304F6 /* ConnectorDemoTests */ = {
			isa = PBXNativeTarget;
			buildConfigurationList = 88AD75A224E66C7B00E304F6 /* Build configuration list for PBXNativeTarget "ConnectorDemoTests" */;
			buildPhases = (
				88AD758724E66C7B00E304F6 /* Sources */,
				88AD758824E66C7B00E304F6 /* Frameworks */,
				88AD758924E66C7B00E304F6 /* Resources */,
			);
			buildRules = (
			);
			dependencies = (
				88AD758D24E66C7B00E304F6 /* PBXTargetDependency */,
			);
			name = ConnectorDemoTests;
			productName = ConnectorDemoTests;
			productReference = 88AD758B24E66C7B00E304F6 /* ConnectorDemoTests.xctest */;
			productType = "com.apple.product-type.bundle.unit-test";
		};
		88AD759524E66C7B00E304F6 /* ConnectorDemoUITests */ = {
			isa = PBXNativeTarget;
			buildConfigurationList = 88AD75A524E66C7B00E304F6 /* Build configuration list for PBXNativeTarget "ConnectorDemoUITests" */;
			buildPhases = (
				88AD759224E66C7B00E304F6 /* Sources */,
				88AD759324E66C7B00E304F6 /* Frameworks */,
				88AD759424E66C7B00E304F6 /* Resources */,
			);
			buildRules = (
			);
			dependencies = (
				88AD759824E66C7B00E304F6 /* PBXTargetDependency */,
			);
			name = ConnectorDemoUITests;
			productName = ConnectorDemoUITests;
			productReference = 88AD759624E66C7B00E304F6 /* ConnectorDemoUITests.xctest */;
			productType = "com.apple.product-type.bundle.ui-testing";
		};
		88AD75AA24E671AF00E304F6 /* BlocBlinds */ = {
			isa = PBXNativeTarget;
			buildConfigurationList = 88AD75B524E671AF00E304F6 /* Build configuration list for PBXNativeTarget "BlocBlinds" */;
			buildPhases = (
				32591971A4F2FE2AAF2420E1 /* [CP] Check Pods Manifest.lock */,
				88AD75AB24E671AF00E304F6 /* Sources */,
				88AD75AF24E671AF00E304F6 /* Frameworks */,
				88AD75B024E671AF00E304F6 /* Resources */,
			);
			buildRules = (
			);
			dependencies = (
			);
			name = BlocBlinds;
			productName = ConnectorDemo;
			productReference = 88AD75B824E671AF00E304F6 /* BlocBlinds.app */;
			productType = "com.apple.product-type.application";
		};
/* End PBXNativeTarget section */

/* Begin PBXProject section */
		88AD756824E66C7800E304F6 /* Project object */ = {
			isa = PBXProject;
			attributes = {
				LastUpgradeCheck = 1160;
				ORGANIZATIONNAME = huck;
				TargetAttributes = {
					889528DD25021472004E17DF = {
						CreatedOnToolsVersion = 11.6;
					};
					889528E725021472004E17DF = {
						CreatedOnToolsVersion = 11.6;
					};
					88AD756F24E66C7800E304F6 = {
						CreatedOnToolsVersion = 11.6;
					};
					88AD758A24E66C7B00E304F6 = {
						CreatedOnToolsVersion = 11.6;
						TestTargetID = 88AD756F24E66C7800E304F6;
					};
					88AD759524E66C7B00E304F6 = {
						CreatedOnToolsVersion = 11.6;
						TestTargetID = 88AD756F24E66C7800E304F6;
					};
				};
			};
			buildConfigurationList = 88AD756B24E66C7800E304F6 /* Build configuration list for PBXProject "ConnectorDemo" */;
			compatibilityVersion = "Xcode 9.3";
			developmentRegion = en;
			hasScannedForEncodings = 0;
			knownRegions = (
				en,
				Base,
				"zh-Hans",
				it,
				ko,
			);
			mainGroup = 88AD756724E66C7800E304F6;
			productRefGroup = 88AD757124E66C7800E304F6 /* Products */;
			projectDirPath = "";
			projectRoot = "";
			targets = (
				88AD756F24E66C7800E304F6 /* ConnectorDemo */,
				88AD758A24E66C7B00E304F6 /* ConnectorDemoTests */,
				88AD759524E66C7B00E304F6 /* ConnectorDemoUITests */,
				88AD75AA24E671AF00E304F6 /* BlocBlinds */,
				889528DD25021472004E17DF /* SiriDemo */,
				889528E725021472004E17DF /* SiriDemoUI */,
			);
		};
/* End PBXProject section */

/* Begin PBXResourcesBuildPhase section */
		889528DC25021472004E17DF /* Resources */ = {
			isa = PBXResourcesBuildPhase;
			buildActionMask = 2147483647;
			files = (
				88641D972507205D0050FD18 /* Localizable.strings in Resources */,
			);
			runOnlyForDeploymentPostprocessing = 0;
		};
		889528E625021472004E17DF /* Resources */ = {
			isa = PBXResourcesBuildPhase;
			buildActionMask = 2147483647;
			files = (
				8895292325023AA5004E17DF /* SiriViewPlus.gif in Resources */,
				88641D982507205E0050FD18 /* Localizable.strings in Resources */,
				8895292425023AA5004E17DF /* SiriView.gif in Resources */,
				889528F125021472004E17DF /* MainInterface.storyboard in Resources */,
			);
			runOnlyForDeploymentPostprocessing = 0;
		};
		88AD756E24E66C7800E304F6 /* Resources */ = {
			isa = PBXResourcesBuildPhase;
			buildActionMask = 2147483647;
			files = (
				88AD75DF24EB661100E304F6 /* Localizable.strings in Resources */,
				88641D95250715C40050FD18 /* ActivityAddVC.xib in Resources */,
				8895291A25021B48004E17DF /* SiriAddVC.xib in Resources */,
				88AD75C324E6784D00E304F6 /* BlocBlinds.storyboard in Resources */,
				88AD758324E66C7B00E304F6 /* LaunchScreen.storyboard in Resources */,
				88AD758024E66C7B00E304F6 /* Assets.xcassets in Resources */,
				88AD757E24E66C7800E304F6 /* Main.storyboard in Resources */,
			);
			runOnlyForDeploymentPostprocessing = 0;
		};
		88AD758924E66C7B00E304F6 /* Resources */ = {
			isa = PBXResourcesBuildPhase;
			buildActionMask = 2147483647;
			files = (
			);
			runOnlyForDeploymentPostprocessing = 0;
		};
		88AD759424E66C7B00E304F6 /* Resources */ = {
			isa = PBXResourcesBuildPhase;
			buildActionMask = 2147483647;
			files = (
			);
			runOnlyForDeploymentPostprocessing = 0;
		};
		88AD75B024E671AF00E304F6 /* Resources */ = {
			isa = PBXResourcesBuildPhase;
			buildActionMask = 2147483647;
			files = (
				88AD75E024EB661100E304F6 /* Localizable.strings in Resources */,
				88641D96250715C40050FD18 /* ActivityAddVC.xib in Resources */,
				8895291B25021B48004E17DF /* SiriAddVC.xib in Resources */,
				88AD75C424E6784D00E304F6 /* BlocBlinds.storyboard in Resources */,
				88AD75B124E671AF00E304F6 /* LaunchScreen.storyboard in Resources */,
				88AD75B324E671AF00E304F6 /* Main.storyboard in Resources */,
				88AD75B424E671AF00E304F6 /* BlocBlinds.xcassets in Resources */,
			);
			runOnlyForDeploymentPostprocessing = 0;
		};
/* End PBXResourcesBuildPhase section */

/* Begin PBXShellScriptBuildPhase section */
		307D82E7B0C31E8D8C68D7CF /* [CP] Check Pods Manifest.lock */ = {
			isa = PBXShellScriptBuildPhase;
			buildActionMask = 2147483647;
			files = (
			);
			inputFileListPaths = (
			);
			inputPaths = (
				"${PODS_PODFILE_DIR_PATH}/Podfile.lock",
				"${PODS_ROOT}/Manifest.lock",
			);
			name = "[CP] Check Pods Manifest.lock";
			outputFileListPaths = (
			);
			outputPaths = (
				"$(DERIVED_FILE_DIR)/Pods-ConnectorDemo-checkManifestLockResult.txt",
			);
			runOnlyForDeploymentPostprocessing = 0;
			shellPath = /bin/sh;
			shellScript = "diff \"${PODS_PODFILE_DIR_PATH}/Podfile.lock\" \"${PODS_ROOT}/Manifest.lock\" > /dev/null\nif [ $? != 0 ] ; then\n    # print error to STDERR\n    echo \"error: The sandbox is not in sync with the Podfile.lock. Run 'pod install' or update your CocoaPods installation.\" >&2\n    exit 1\nfi\n# This output is used by Xcode 'outputs' to avoid re-running this script phase.\necho \"SUCCESS\" > \"${SCRIPT_OUTPUT_FILE_0}\"\n";
			showEnvVarsInLog = 0;
		};
		32591971A4F2FE2AAF2420E1 /* [CP] Check Pods Manifest.lock */ = {
			isa = PBXShellScriptBuildPhase;
			buildActionMask = 2147483647;
			files = (
			);
			inputFileListPaths = (
			);
			inputPaths = (
				"${PODS_PODFILE_DIR_PATH}/Podfile.lock",
				"${PODS_ROOT}/Manifest.lock",
			);
			name = "[CP] Check Pods Manifest.lock";
			outputFileListPaths = (
			);
			outputPaths = (
				"$(DERIVED_FILE_DIR)/Pods-BlocBlinds-checkManifestLockResult.txt",
			);
			runOnlyForDeploymentPostprocessing = 0;
			shellPath = /bin/sh;
			shellScript = "diff \"${PODS_PODFILE_DIR_PATH}/Podfile.lock\" \"${PODS_ROOT}/Manifest.lock\" > /dev/null\nif [ $? != 0 ] ; then\n    # print error to STDERR\n    echo \"error: The sandbox is not in sync with the Podfile.lock. Run 'pod install' or update your CocoaPods installation.\" >&2\n    exit 1\nfi\n# This output is used by Xcode 'outputs' to avoid re-running this script phase.\necho \"SUCCESS\" > \"${SCRIPT_OUTPUT_FILE_0}\"\n";
			showEnvVarsInLog = 0;
		};
		8881B907A2476FE1FCC370BA /* [CP] Copy Pods Resources */ = {
			isa = PBXShellScriptBuildPhase;
			buildActionMask = 2147483647;
			files = (
			);
			inputFileListPaths = (
				"${PODS_ROOT}/Target Support Files/Pods-ConnectorDemo/Pods-ConnectorDemo-resources-${CONFIGURATION}-input-files.xcfilelist",
			);
			name = "[CP] Copy Pods Resources";
			outputFileListPaths = (
				"${PODS_ROOT}/Target Support Files/Pods-ConnectorDemo/Pods-ConnectorDemo-resources-${CONFIGURATION}-output-files.xcfilelist",
			);
			runOnlyForDeploymentPostprocessing = 0;
			shellPath = /bin/sh;
			shellScript = "\"${PODS_ROOT}/Target Support Files/Pods-ConnectorDemo/Pods-ConnectorDemo-resources.sh\"\n";
			showEnvVarsInLog = 0;
		};
/* End PBXShellScriptBuildPhase section */

/* Begin PBXSourcesBuildPhase section */
		889528DA25021472004E17DF /* Sources */ = {
			isa = PBXSourcesBuildPhase;
			buildActionMask = 2147483647;
			files = (
				889529102502183F004E17DF /* Intents.intentdefinition in Sources */,
				8895291E25022B2B004E17DF /* SiriDemoHandler.m in Sources */,
				889528E225021472004E17DF /* IntentHandler.m in Sources */,
			);
			runOnlyForDeploymentPostprocessing = 0;
		};
		889528E425021472004E17DF /* Sources */ = {
			isa = PBXSourcesBuildPhase;
			buildActionMask = 2147483647;
			files = (
				8895291125021840004E17DF /* Intents.intentdefinition in Sources */,
				889528EE25021472004E17DF /* IntentViewController.m in Sources */,
			);
			runOnlyForDeploymentPostprocessing = 0;
		};
		88AD756C24E66C7800E304F6 /* Sources */ = {
			isa = PBXSourcesBuildPhase;
			buildActionMask = 2147483647;
			files = (
				88AD757B24E66C7800E304F6 /* ViewController.m in Sources */,
				8895291825021B48004E17DF /* SiriAddVC.m in Sources */,
				88AD75BE24E6778600E304F6 /* main.m in Sources */,
				889529062502154D004E17DF /* Intents.intentdefinition in Sources */,
				8895292A2505B409004E17DF /* BaseTableViewController.m in Sources */,
				88641D93250715C40050FD18 /* ActivityAddVC.m in Sources */,
				88AD757524E66C7800E304F6 /* AppDelegate.m in Sources */,
			);
			runOnlyForDeploymentPostprocessing = 0;
		};
		88AD758724E66C7B00E304F6 /* Sources */ = {
			isa = PBXSourcesBuildPhase;
			buildActionMask = 2147483647;
			files = (
				88AD759024E66C7B00E304F6 /* ConnectorDemoTests.m in Sources */,
			);
			runOnlyForDeploymentPostprocessing = 0;
		};
		88AD759224E66C7B00E304F6 /* Sources */ = {
			isa = PBXSourcesBuildPhase;
			buildActionMask = 2147483647;
			files = (
				88AD759B24E66C7B00E304F6 /* ConnectorDemoUITests.m in Sources */,
			);
			runOnlyForDeploymentPostprocessing = 0;
		};
		88AD75AB24E671AF00E304F6 /* Sources */ = {
			isa = PBXSourcesBuildPhase;
			buildActionMask = 2147483647;
			files = (
				88AD75AC24E671AF00E304F6 /* ViewController.m in Sources */,
				8895291925021B48004E17DF /* SiriAddVC.m in Sources */,
				88AD75BF24E6779F00E304F6 /* main.m in Sources */,
				889529072502154D004E17DF /* Intents.intentdefinition in Sources */,
				8895292B2505B409004E17DF /* BaseTableViewController.m in Sources */,
				88641D94250715C40050FD18 /* ActivityAddVC.m in Sources */,
				88AD75AD24E671AF00E304F6 /* AppDelegate.m in Sources */,
			);
			runOnlyForDeploymentPostprocessing = 0;
		};
/* End PBXSourcesBuildPhase section */

/* Begin PBXTargetDependency section */
		889528F425021472004E17DF /* PBXTargetDependency */ = {
			isa = PBXTargetDependency;
			target = 889528E725021472004E17DF /* SiriDemoUI */;
			targetProxy = 889528F325021472004E17DF /* PBXContainerItemProxy */;
		};
		889528F725021472004E17DF /* PBXTargetDependency */ = {
			isa = PBXTargetDependency;
			target = 889528DD25021472004E17DF /* SiriDemo */;
			targetProxy = 889528F625021472004E17DF /* PBXContainerItemProxy */;
		};
		88AD758D24E66C7B00E304F6 /* PBXTargetDependency */ = {
			isa = PBXTargetDependency;
			target = 88AD756F24E66C7800E304F6 /* ConnectorDemo */;
			targetProxy = 88AD758C24E66C7B00E304F6 /* PBXContainerItemProxy */;
		};
		88AD759824E66C7B00E304F6 /* PBXTargetDependency */ = {
			isa = PBXTargetDependency;
			target = 88AD756F24E66C7800E304F6 /* ConnectorDemo */;
			targetProxy = 88AD759724E66C7B00E304F6 /* PBXContainerItemProxy */;
		};
/* End PBXTargetDependency section */

/* Begin PBXVariantGroup section */
		889528EF25021472004E17DF /* MainInterface.storyboard */ = {
			isa = PBXVariantGroup;
			children = (
				889528F025021472004E17DF /* Base */,
			);
			name = MainInterface.storyboard;
			sourceTree = "<group>";
		};
		889529092502154D004E17DF /* Intents.intentdefinition */ = {
			isa = PBXVariantGroup;
			children = (
				889529082502154D004E17DF /* Base */,
				88641D9A2507208F0050FD18 /* en */,
				88641D9C250720990050FD18 /* zh-Hans */,
				88641DA0250720A80050FD18 /* it */,
				88641DA4250720C10050FD18 /* ko */,
			);
			name = Intents.intentdefinition;
			sourceTree = "<group>";
		};
		88AD757C24E66C7800E304F6 /* Main.storyboard */ = {
			isa = PBXVariantGroup;
			children = (
				88AD757D24E66C7800E304F6 /* Base */,
			);
			name = Main.storyboard;
			sourceTree = "<group>";
		};
		88AD758124E66C7B00E304F6 /* LaunchScreen.storyboard */ = {
			isa = PBXVariantGroup;
			children = (
				88AD758224E66C7B00E304F6 /* Base */,
			);
			name = LaunchScreen.storyboard;
			sourceTree = "<group>";
		};
		88AD75E224EB661100E304F6 /* Localizable.strings */ = {
			isa = PBXVariantGroup;
			children = (
				88AD75E124EB661100E304F6 /* en */,
				88AD75E324EB661200E304F6 /* zh-Hans */,
				88AD75E624EB662900E304F6 /* it */,
				8895292625032706004E17DF /* ko */,
			);
			name = Localizable.strings;
			sourceTree = "<group>";
		};
/* End PBXVariantGroup section */

/* Begin XCBuildConfiguration section */
		889528FA25021472004E17DF /* Debug */ = {
			isa = XCBuildConfiguration;
			buildSettings = {
				CODE_SIGN_ENTITLEMENTS = SiriDemoUI/SiriDemoUI.entitlements;
				CODE_SIGN_STYLE = Automatic;
				DEVELOPMENT_TEAM = 2JZPZTV38Y;
				INFOPLIST_FILE = SiriDemoUI/Info.plist;
				LD_RUNPATH_SEARCH_PATHS = (
					"$(inherited)",
					"@executable_path/Frameworks",
					"@executable_path/../../Frameworks",
				);
				PRODUCT_BUNDLE_IDENTIFIER = com.smarthome.app.connector.ConnectSiriUI;
				PRODUCT_NAME = "$(TARGET_NAME)";
				SKIP_INSTALL = YES;
				TARGETED_DEVICE_FAMILY = "1,2";
			};
			name = Debug;
		};
		889528FB25021472004E17DF /* Release */ = {
			isa = XCBuildConfiguration;
			buildSettings = {
				CODE_SIGN_ENTITLEMENTS = SiriDemoUI/SiriDemoUI.entitlements;
				CODE_SIGN_STYLE = Automatic;
				DEVELOPMENT_TEAM = 2JZPZTV38Y;
				INFOPLIST_FILE = SiriDemoUI/Info.plist;
				LD_RUNPATH_SEARCH_PATHS = (
					"$(inherited)",
					"@executable_path/Frameworks",
					"@executable_path/../../Frameworks",
				);
				PRODUCT_BUNDLE_IDENTIFIER = com.smarthome.app.connector.ConnectSiriUI;
				PRODUCT_NAME = "$(TARGET_NAME)";
				SKIP_INSTALL = YES;
				TARGETED_DEVICE_FAMILY = "1,2";
			};
			name = Release;
		};
		889528FD25021472004E17DF /* Debug */ = {
			isa = XCBuildConfiguration;
			buildSettings = {
				CODE_SIGN_ENTITLEMENTS = SiriDemo/SiriDemo.entitlements;
				CODE_SIGN_STYLE = Automatic;
				DEVELOPMENT_TEAM = 2JZPZTV38Y;
				INFOPLIST_FILE = SiriDemo/Info.plist;
				LD_RUNPATH_SEARCH_PATHS = (
					"$(inherited)",
					"@executable_path/Frameworks",
					"@executable_path/../../Frameworks",
				);
				PRODUCT_BUNDLE_IDENTIFIER = com.smarthome.app.connector.ConnectSiri;
				PRODUCT_NAME = "$(TARGET_NAME)";
				SKIP_INSTALL = YES;
				TARGETED_DEVICE_FAMILY = "1,2";
			};
			name = Debug;
		};
		889528FE25021472004E17DF /* Release */ = {
			isa = XCBuildConfiguration;
			buildSettings = {
				CODE_SIGN_ENTITLEMENTS = SiriDemo/SiriDemo.entitlements;
				CODE_SIGN_STYLE = Automatic;
				DEVELOPMENT_TEAM = 2JZPZTV38Y;
				INFOPLIST_FILE = SiriDemo/Info.plist;
				LD_RUNPATH_SEARCH_PATHS = (
					"$(inherited)",
					"@executable_path/Frameworks",
					"@executable_path/../../Frameworks",
				);
				PRODUCT_BUNDLE_IDENTIFIER = com.smarthome.app.connector.ConnectSiri;
				PRODUCT_NAME = "$(TARGET_NAME)";
				SKIP_INSTALL = YES;
				TARGETED_DEVICE_FAMILY = "1,2";
			};
			name = Release;
		};
		88AD759D24E66C7B00E304F6 /* Debug */ = {
			isa = XCBuildConfiguration;
			buildSettings = {
				ALWAYS_SEARCH_USER_PATHS = NO;
				CLANG_ANALYZER_LOCALIZABILITY_NONLOCALIZED = YES;
				CLANG_ANALYZER_NONNULL = YES;
				CLANG_ANALYZER_NUMBER_OBJECT_CONVERSION = YES_AGGRESSIVE;
				CLANG_CXX_LANGUAGE_STANDARD = "gnu++14";
				CLANG_CXX_LIBRARY = "libc++";
				CLANG_ENABLE_MODULES = YES;
				CLANG_ENABLE_OBJC_ARC = YES;
				CLANG_ENABLE_OBJC_WEAK = YES;
				CLANG_WARN_BLOCK_CAPTURE_AUTORELEASING = YES;
				CLANG_WARN_BOOL_CONVERSION = YES;
				CLANG_WARN_COMMA = YES;
				CLANG_WARN_CONSTANT_CONVERSION = YES;
				CLANG_WARN_DEPRECATED_OBJC_IMPLEMENTATIONS = YES;
				CLANG_WARN_DIRECT_OBJC_ISA_USAGE = YES_ERROR;
				CLANG_WARN_DOCUMENTATION_COMMENTS = YES;
				CLANG_WARN_EMPTY_BODY = YES;
				CLANG_WARN_ENUM_CONVERSION = YES;
				CLANG_WARN_INFINITE_RECURSION = YES;
				CLANG_WARN_INT_CONVERSION = YES;
				CLANG_WARN_NON_LITERAL_NULL_CONVERSION = YES;
				CLANG_WARN_OBJC_IMPLICIT_RETAIN_SELF = YES;
				CLANG_WARN_OBJC_LITERAL_CONVERSION = YES;
				CLANG_WARN_OBJC_ROOT_CLASS = YES_ERROR;
				CLANG_WARN_RANGE_LOOP_ANALYSIS = YES;
				CLANG_WARN_STRICT_PROTOTYPES = YES;
				CLANG_WARN_SUSPICIOUS_MOVE = YES;
				CLANG_WARN_UNGUARDED_AVAILABILITY = YES_AGGRESSIVE;
				CLANG_WARN_UNREACHABLE_CODE = YES;
				CLANG_WARN__DUPLICATE_METHOD_MATCH = YES;
				COPY_PHASE_STRIP = NO;
				DEBUG_INFORMATION_FORMAT = dwarf;
				ENABLE_STRICT_OBJC_MSGSEND = YES;
				ENABLE_TESTABILITY = YES;
				GCC_C_LANGUAGE_STANDARD = gnu11;
				GCC_DYNAMIC_NO_PIC = NO;
				GCC_NO_COMMON_BLOCKS = YES;
				GCC_OPTIMIZATION_LEVEL = 0;
				GCC_PREPROCESSOR_DEFINITIONS = (
					"DEBUG=1",
					"$(inherited)",
				);
				GCC_WARN_64_TO_32_BIT_CONVERSION = YES;
				GCC_WARN_ABOUT_RETURN_TYPE = YES_ERROR;
				GCC_WARN_UNDECLARED_SELECTOR = YES;
				GCC_WARN_UNINITIALIZED_AUTOS = YES_AGGRESSIVE;
				GCC_WARN_UNUSED_FUNCTION = YES;
				GCC_WARN_UNUSED_VARIABLE = YES;
				IPHONEOS_DEPLOYMENT_TARGET = 13.6;
				MTL_ENABLE_DEBUG_INFO = INCLUDE_SOURCE;
				MTL_FAST_MATH = YES;
				ONLY_ACTIVE_ARCH = YES;
				SDKROOT = iphoneos;
			};
			name = Debug;
		};
		88AD759E24E66C7B00E304F6 /* Release */ = {
			isa = XCBuildConfiguration;
			buildSettings = {
				ALWAYS_SEARCH_USER_PATHS = NO;
				CLANG_ANALYZER_LOCALIZABILITY_NONLOCALIZED = YES;
				CLANG_ANALYZER_NONNULL = YES;
				CLANG_ANALYZER_NUMBER_OBJECT_CONVERSION = YES_AGGRESSIVE;
				CLANG_CXX_LANGUAGE_STANDARD = "gnu++14";
				CLANG_CXX_LIBRARY = "libc++";
				CLANG_ENABLE_MODULES = YES;
				CLANG_ENABLE_OBJC_ARC = YES;
				CLANG_ENABLE_OBJC_WEAK = YES;
				CLANG_WARN_BLOCK_CAPTURE_AUTORELEASING = YES;
				CLANG_WARN_BOOL_CONVERSION = YES;
				CLANG_WARN_COMMA = YES;
				CLANG_WARN_CONSTANT_CONVERSION = YES;
				CLANG_WARN_DEPRECATED_OBJC_IMPLEMENTATIONS = YES;
				CLANG_WARN_DIRECT_OBJC_ISA_USAGE = YES_ERROR;
				CLANG_WARN_DOCUMENTATION_COMMENTS = YES;
				CLANG_WARN_EMPTY_BODY = YES;
				CLANG_WARN_ENUM_CONVERSION = YES;
				CLANG_WARN_INFINITE_RECURSION = YES;
				CLANG_WARN_INT_CONVERSION = YES;
				CLANG_WARN_NON_LITERAL_NULL_CONVERSION = YES;
				CLANG_WARN_OBJC_IMPLICIT_RETAIN_SELF = YES;
				CLANG_WARN_OBJC_LITERAL_CONVERSION = YES;
				CLANG_WARN_OBJC_ROOT_CLASS = YES_ERROR;
				CLANG_WARN_RANGE_LOOP_ANALYSIS = YES;
				CLANG_WARN_STRICT_PROTOTYPES = YES;
				CLANG_WARN_SUSPICIOUS_MOVE = YES;
				CLANG_WARN_UNGUARDED_AVAILABILITY = YES_AGGRESSIVE;
				CLANG_WARN_UNREACHABLE_CODE = YES;
				CLANG_WARN__DUPLICATE_METHOD_MATCH = YES;
				COPY_PHASE_STRIP = NO;
				DEBUG_INFORMATION_FORMAT = "dwarf-with-dsym";
				ENABLE_NS_ASSERTIONS = NO;
				ENABLE_STRICT_OBJC_MSGSEND = YES;
				GCC_C_LANGUAGE_STANDARD = gnu11;
				GCC_NO_COMMON_BLOCKS = YES;
				GCC_WARN_64_TO_32_BIT_CONVERSION = YES;
				GCC_WARN_ABOUT_RETURN_TYPE = YES_ERROR;
				GCC_WARN_UNDECLARED_SELECTOR = YES;
				GCC_WARN_UNINITIALIZED_AUTOS = YES_AGGRESSIVE;
				GCC_WARN_UNUSED_FUNCTION = YES;
				GCC_WARN_UNUSED_VARIABLE = YES;
				IPHONEOS_DEPLOYMENT_TARGET = 13.6;
				MTL_ENABLE_DEBUG_INFO = NO;
				MTL_FAST_MATH = YES;
				SDKROOT = iphoneos;
				VALIDATE_PRODUCT = YES;
			};
			name = Release;
		};
		88AD75A024E66C7B00E304F6 /* Debug */ = {
			isa = XCBuildConfiguration;
			baseConfigurationReference = A5FE402EA0F8D24C91603858 /* Pods-ConnectorDemo.debug.xcconfig */;
			buildSettings = {
				ASSETCATALOG_COMPILER_APPICON_NAME = AppIcon;
				CODE_SIGN_ENTITLEMENTS = ConnectorDemo/ConnectorDemo.entitlements;
				CODE_SIGN_STYLE = Automatic;
				DEVELOPMENT_TEAM = 2JZPZTV38Y;
				GCC_PREFIX_HEADER = "$(SRCROOT)/ConnectorDemo/PrefixHeader.pch";
				GCC_PREPROCESSOR_DEFINITIONS = (
					"DEBUG=1",
					"$(inherited)",
					"BlocBlinds=0",
				);
				INFOPLIST_FILE = ConnectorDemo/Info.plist;
				IPHONEOS_DEPLOYMENT_TARGET = 9.0;
				LD_RUNPATH_SEARCH_PATHS = (
					"$(inherited)",
					"@executable_path/Frameworks",
				);
				PRODUCT_BUNDLE_IDENTIFIER = com.smarthome.app.connector;
				PRODUCT_NAME = "$(TARGET_NAME)";
				TARGETED_DEVICE_FAMILY = 1;
			};
			name = Debug;
		};
		88AD75A124E66C7B00E304F6 /* Release */ = {
			isa = XCBuildConfiguration;
			baseConfigurationReference = 9840915C456CDCF7BD46C75A /* Pods-ConnectorDemo.release.xcconfig */;
			buildSettings = {
				ASSETCATALOG_COMPILER_APPICON_NAME = AppIcon;
				CODE_SIGN_ENTITLEMENTS = ConnectorDemo/ConnectorDemo.entitlements;
				CODE_SIGN_STYLE = Automatic;
				DEVELOPMENT_TEAM = 2JZPZTV38Y;
				GCC_PREFIX_HEADER = "$(SRCROOT)/ConnectorDemo/PrefixHeader.pch";
				GCC_PREPROCESSOR_DEFINITIONS = "BlocBlinds=0";
				INFOPLIST_FILE = ConnectorDemo/Info.plist;
				IPHONEOS_DEPLOYMENT_TARGET = 9.0;
				LD_RUNPATH_SEARCH_PATHS = (
					"$(inherited)",
					"@executable_path/Frameworks",
				);
				PRODUCT_BUNDLE_IDENTIFIER = com.smarthome.app.connector;
				PRODUCT_NAME = "$(TARGET_NAME)";
				TARGETED_DEVICE_FAMILY = 1;
			};
			name = Release;
		};
		88AD75A324E66C7B00E304F6 /* Debug */ = {
			isa = XCBuildConfiguration;
			buildSettings = {
				BUNDLE_LOADER = "$(TEST_HOST)";
				CODE_SIGN_STYLE = Automatic;
				INFOPLIST_FILE = ConnectorDemoTests/Info.plist;
				IPHONEOS_DEPLOYMENT_TARGET = 13.6;
				LD_RUNPATH_SEARCH_PATHS = (
					"$(inherited)",
					"@executable_path/Frameworks",
					"@loader_path/Frameworks",
				);
				PRODUCT_BUNDLE_IDENTIFIER = com.smarthome.app.connector.ConnectorDemoTests;
				PRODUCT_NAME = "$(TARGET_NAME)";
				TARGETED_DEVICE_FAMILY = "1,2";
				TEST_HOST = "$(BUILT_PRODUCTS_DIR)/ConnectorDemo.app/ConnectorDemo";
			};
			name = Debug;
		};
		88AD75A424E66C7B00E304F6 /* Release */ = {
			isa = XCBuildConfiguration;
			buildSettings = {
				BUNDLE_LOADER = "$(TEST_HOST)";
				CODE_SIGN_STYLE = Automatic;
				INFOPLIST_FILE = ConnectorDemoTests/Info.plist;
				IPHONEOS_DEPLOYMENT_TARGET = 13.6;
				LD_RUNPATH_SEARCH_PATHS = (
					"$(inherited)",
					"@executable_path/Frameworks",
					"@loader_path/Frameworks",
				);
				PRODUCT_BUNDLE_IDENTIFIER = com.smarthome.app.connector.ConnectorDemoTests;
				PRODUCT_NAME = "$(TARGET_NAME)";
				TARGETED_DEVICE_FAMILY = "1,2";
				TEST_HOST = "$(BUILT_PRODUCTS_DIR)/ConnectorDemo.app/ConnectorDemo";
			};
			name = Release;
		};
		88AD75A624E66C7B00E304F6 /* Debug */ = {
			isa = XCBuildConfiguration;
			buildSettings = {
				CODE_SIGN_STYLE = Automatic;
				INFOPLIST_FILE = ConnectorDemoUITests/Info.plist;
				LD_RUNPATH_SEARCH_PATHS = (
					"$(inherited)",
					"@executable_path/Frameworks",
					"@loader_path/Frameworks",
				);
				PRODUCT_BUNDLE_IDENTIFIER = com.smarthome.app.connector.ConnectorDemoUITests;
				PRODUCT_NAME = "$(TARGET_NAME)";
				TARGETED_DEVICE_FAMILY = "1,2";
				TEST_TARGET_NAME = ConnectorDemo;
			};
			name = Debug;
		};
		88AD75A724E66C7B00E304F6 /* Release */ = {
			isa = XCBuildConfiguration;
			buildSettings = {
				CODE_SIGN_STYLE = Automatic;
				INFOPLIST_FILE = ConnectorDemoUITests/Info.plist;
				LD_RUNPATH_SEARCH_PATHS = (
					"$(inherited)",
					"@executable_path/Frameworks",
					"@loader_path/Frameworks",
				);
				PRODUCT_BUNDLE_IDENTIFIER = com.smarthome.app.connector.ConnectorDemoUITests;
				PRODUCT_NAME = "$(TARGET_NAME)";
				TARGETED_DEVICE_FAMILY = "1,2";
				TEST_TARGET_NAME = ConnectorDemo;
			};
			name = Release;
		};
		88AD75B624E671AF00E304F6 /* Debug */ = {
			isa = XCBuildConfiguration;
			baseConfigurationReference = 9AE5B716699CFBE0344274FB /* Pods-BlocBlinds.debug.xcconfig */;
			buildSettings = {
				ASSETCATALOG_COMPILER_APPICON_NAME = AppIcon;
				CODE_SIGN_STYLE = Automatic;
				GCC_PREFIX_HEADER = "$(SRCROOT)/ConnectorDemo/PrefixHeader.pch";
				GCC_PREPROCESSOR_DEFINITIONS = (
					"DEBUG=1",
					"$(inherited)",
					"BlocBlinds=1",
				);
				INFOPLIST_FILE = "$(SRCROOT)/BlocBlindsInfo.plist";
				LD_RUNPATH_SEARCH_PATHS = (
					"$(inherited)",
					"@executable_path/Frameworks",
				);
				PRODUCT_BUNDLE_IDENTIFIER = com.dooya.inhouse.connectoreu;
				PRODUCT_NAME = "$(TARGET_NAME)";
				TARGETED_DEVICE_FAMILY = 1;
			};
			name = Debug;
		};
		88AD75B724E671AF00E304F6 /* Release */ = {
			isa = XCBuildConfiguration;
			baseConfigurationReference = 201A9F229179C352AC2EBE7A /* Pods-BlocBlinds.release.xcconfig */;
			buildSettings = {
				ASSETCATALOG_COMPILER_APPICON_NAME = AppIcon;
				CODE_SIGN_STYLE = Automatic;
				GCC_PREFIX_HEADER = "$(SRCROOT)/ConnectorDemo/PrefixHeader.pch";
				GCC_PREPROCESSOR_DEFINITIONS = "BlocBlinds=1";
				INFOPLIST_FILE = "$(SRCROOT)/BlocBlindsInfo.plist";
				LD_RUNPATH_SEARCH_PATHS = (
					"$(inherited)",
					"@executable_path/Frameworks",
				);
				PRODUCT_BUNDLE_IDENTIFIER = com.dooya.inhouse.connectoreu;
				PRODUCT_NAME = "$(TARGET_NAME)";
				TARGETED_DEVICE_FAMILY = 1;
			};
			name = Release;
		};
/* End XCBuildConfiguration section */

/* Begin XCConfigurationList section */
		889528F925021472004E17DF /* Build configuration list for PBXNativeTarget "SiriDemoUI" */ = {
			isa = XCConfigurationList;
			buildConfigurations = (
				889528FA25021472004E17DF /* Debug */,
				889528FB25021472004E17DF /* Release */,
			);
			defaultConfigurationIsVisible = 0;
			defaultConfigurationName = Release;
		};
		889528FC25021472004E17DF /* Build configuration list for PBXNativeTarget "SiriDemo" */ = {
			isa = XCConfigurationList;
			buildConfigurations = (
				889528FD25021472004E17DF /* Debug */,
				889528FE25021472004E17DF /* Release */,
			);
			defaultConfigurationIsVisible = 0;
			defaultConfigurationName = Release;
		};
		88AD756B24E66C7800E304F6 /* Build configuration list for PBXProject "ConnectorDemo" */ = {
			isa = XCConfigurationList;
			buildConfigurations = (
				88AD759D24E66C7B00E304F6 /* Debug */,
				88AD759E24E66C7B00E304F6 /* Release */,
			);
			defaultConfigurationIsVisible = 0;
			defaultConfigurationName = Release;
		};
		88AD759F24E66C7B00E304F6 /* Build configuration list for PBXNativeTarget "ConnectorDemo" */ = {
			isa = XCConfigurationList;
			buildConfigurations = (
				88AD75A024E66C7B00E304F6 /* Debug */,
				88AD75A124E66C7B00E304F6 /* Release */,
			);
			defaultConfigurationIsVisible = 0;
			defaultConfigurationName = Release;
		};
		88AD75A224E66C7B00E304F6 /* Build configuration list for PBXNativeTarget "ConnectorDemoTests" */ = {
			isa = XCConfigurationList;
			buildConfigurations = (
				88AD75A324E66C7B00E304F6 /* Debug */,
				88AD75A424E66C7B00E304F6 /* Release */,
			);
			defaultConfigurationIsVisible = 0;
			defaultConfigurationName = Release;
		};
		88AD75A524E66C7B00E304F6 /* Build configuration list for PBXNativeTarget "ConnectorDemoUITests" */ = {
			isa = XCConfigurationList;
			buildConfigurations = (
				88AD75A624E66C7B00E304F6 /* Debug */,
				88AD75A724E66C7B00E304F6 /* Release */,
			);
			defaultConfigurationIsVisible = 0;
			defaultConfigurationName = Release;
		};
		88AD75B524E671AF00E304F6 /* Build configuration list for PBXNativeTarget "BlocBlinds" */ = {
			isa = XCConfigurationList;
			buildConfigurations = (
				88AD75B624E671AF00E304F6 /* Debug */,
				88AD75B724E671AF00E304F6 /* Release */,
			);
			defaultConfigurationIsVisible = 0;
			defaultConfigurationName = Release;
		};
/* End XCConfigurationList section */
	};
	rootObject = 88AD756824E66C7800E304F6 /* Project object */;
}
